
Microsoft Visual Studio Solution File, Format Version 12.00
# Visual Studio 14
VisualStudioVersion = 14.0.25420.1
MinimumVisualStudioVersion = 10.0.40219.1
Project("{8BC9CEB8-8B4A-11D0-8D11-00A0C91BC942}") = "Server", "Server\Server.vcxproj", "{E440FC08-B2D3-4578-9A5E-2ACA7A8A7935}"
EndProject
Project("{8BC9CEB8-8B4A-11D0-8D11-00A0C91BC942}") = "Client", "Client\Client.vcxproj", "{859B5033-38A8-4712-9916-F965653C1807}"
EndProject
Global
	GlobalSection(SolutionConfigurationPlatforms) = preSolution
		Debug|x64 = Debug|x64
		Debug|x86 = Debug|x86
		Release|x64 = Release|x64
		Release|x86 = Release|x86
	EndGlobalSection
	GlobalSection(ProjectConfigurationPlatforms) = postSolution
		{E440FC08-B2D3-4578-9A5E-2ACA7A8A7935}.Debug|x64.ActiveCfg = Debug|x64
		{E440FC08-B2D3-4578-9A5E-2ACA7A8A7935}.Debug|x64.Build.0 = Debug|x64
		{E440FC08-B2D3-4578-9A5E-2ACA7A8A7935}.Debug|x86.ActiveCfg = Debug|Win32
		{E440FC08-B2D3-4578-9A5E-2ACA7A8A7935}.Debug|x86.Build.0 = Debug|Win32
		{E440FC08-B2D3-4578-9A5E-2ACA7A8A7935}.Release|x64.ActiveCfg = Release|x64
		{E440FC08-B2D3-4578-9A5E-2ACA7A8A7935}.Release|x64.Build.0 = Release|x64
		{E440FC08-B2D3-4578-9A5E-2ACA7A8A7935}.Release|x86.ActiveCfg = Release|Win32
		{E440FC08-B2D3-4578-9A5E-2ACA7A8A7935}.Release|x86.Build.0 = Release|Win32
		{859B5033-38A8-4712-9916-F965653C1807}.Debug|x64.ActiveCfg = Debug|x64
		{859B5033-38A8-4712-9916-F965653C1807}.Debug|x64.Build.0 = Debug|x64
		{859B5033-38A8-4712-9916-F965653C1807}.Debug|x86.ActiveCfg = Debug|Win32
		{859B5033-38A8-4712-9916-F965653C1807}.Debug|x86.Build.0 = Debug|Win32
		{859B5033-38A8-4712-9916-F965653C1807}.Release|x64.ActiveCfg = Release|x64
		{859B5033-38A8-4712-9916-F965653C1807}.Release|x64.Build.0 = Release|x64
		{859B5033-38A8-4712-9916-F965653C1807}.Release|x86.ActiveCfg = Release|Win32
		{859B5033-38A8-4712-9916-F965653C1807}.Release|x86.Build.0 = Release|Win32
	EndGlobalSection
	GlobalSection(SolutionProperties) = preSolution
		HideSolutionNode = FALSE
	EndGlobalSection
EndGlobal
